// !$*UTF8*$!
{
	archiveVersion = 1;
	classes = {
	};
	objectVersion = 46;
	objects = {

/* Begin PBXBuildFile section */
		AE844FEE1ED4539700B15A79 /* Especie.cc in Sources */ = {isa = PBXBuildFile; fileRef = AE844FE41ED4539700B15A79 /* Especie.cc */; };
		AE844FEF1ED4539700B15A79 /* Individu.cc in Sources */ = {isa = PBXBuildFile; fileRef = AE844FE61ED4539700B15A79 /* Individu.cc */; };
		AE844FF01ED4539700B15A79 /* Parellcromosomes.cc in Sources */ = {isa = PBXBuildFile; fileRef = AE844FE81ED4539700B15A79 /* Parellcromosomes.cc */; };
		AE844FF11ED4539700B15A79 /* Poblacio.cc in Sources */ = {isa = PBXBuildFile; fileRef = AE844FEA1ED4539700B15A79 /* Poblacio.cc */; };
		AE844FF21ED4539700B15A79 /* program.cc in Sources */ = {isa = PBXBuildFile; fileRef = AE844FED1ED4539700B15A79 /* program.cc */; };
/* End PBXBuildFile section */

/* Begin PBXCopyFilesBuildPhase section */
		AE1DDCC31EC37EDA0040553A /* CopyFiles */ = {
			isa = PBXCopyFilesBuildPhase;
			buildActionMask = 2147483647;
			dstPath = /usr/share/man/man1/;
			dstSubfolderSpec = 0;
			files = (
			);
			runOnlyForDeploymentPostprocessing = 1;
		};
/* End PBXCopyFilesBuildPhase section */

/* Begin PBXFileReference section */
		AE1DDCC51EC37EDB0040553A /* Pràctica PRO2 */ = {isa = PBXFileReference; explicitFileType = "compiled.mach-o.executable"; includeInIndex = 0; path = "Pràctica PRO2"; sourceTree = BUILT_PRODUCTS_DIR; };
		AE844FE31ED4539700B15A79 /* Arbre.hh */ = {isa = PBXFileReference; fileEncoding = 4; lastKnownFileType = sourcecode.cpp.h; name = Arbre.hh; path = "../../Proves de compilacio/Arbre.hh"; sourceTree = "<group>"; };
		AE844FE41ED4539700B15A79 /* Especie.cc */ = {isa = PBXFileReference; fileEncoding = 4; lastKnownFileType = sourcecode.cpp.cpp; name = Especie.cc; path = "../../Proves de compilacio/Especie.cc"; sourceTree = "<group>"; };
		AE844FE51ED4539700B15A79 /* Especie.hh */ = {isa = PBXFileReference; fileEncoding = 4; lastKnownFileType = sourcecode.cpp.h; name = Especie.hh; path = "../../Proves de compilacio/Especie.hh"; sourceTree = "<group>"; };
		AE844FE61ED4539700B15A79 /* Individu.cc */ = {isa = PBXFileReference; fileEncoding = 4; lastKnownFileType = sourcecode.cpp.cpp; name = Individu.cc; path = "../../Proves de compilacio/Individu.cc"; sourceTree = "<group>"; };
		AE844FE71ED4539700B15A79 /* Individu.hh */ = {isa = PBXFileReference; fileEncoding = 4; lastKnownFileType = sourcecode.cpp.h; name = Individu.hh; path = "../../Proves de compilacio/Individu.hh"; sourceTree = "<group>"; };
		AE844FE81ED4539700B15A79 /* Parellcromosomes.cc */ = {isa = PBXFileReference; fileEncoding = 4; lastKnownFileType = sourcecode.cpp.cpp; name = Parellcromosomes.cc; path = "../../Proves de compilacio/Parellcromosomes.cc"; sourceTree = "<group>"; };
		AE844FE91ED4539700B15A79 /* Parellcromosomes.hh */ = {isa = PBXFileReference; fileEncoding = 4; lastKnownFileType = sourcecode.cpp.h; name = Parellcromosomes.hh; path = "../../Proves de compilacio/Parellcromosomes.hh"; sourceTree = "<group>"; };
		AE844FEA1ED4539700B15A79 /* Poblacio.cc */ = {isa = PBXFileReference; fileEncoding = 4; lastKnownFileType = sourcecode.cpp.cpp; name = Poblacio.cc; path = "../../Proves de compilacio/Poblacio.cc"; sourceTree = "<group>"; };
		AE844FEB1ED4539700B15A79 /* Poblacio.hh */ = {isa = PBXFileReference; fileEncoding = 4; lastKnownFileType = sourcecode.cpp.h; name = Poblacio.hh; path = "../../Proves de compilacio/Poblacio.hh"; sourceTree = "<group>"; };
		AE844FEC1ED4539700B15A79 /* PRO2Excepcio.hh */ = {isa = PBXFileReference; fileEncoding = 4; lastKnownFileType = sourcecode.cpp.h; name = PRO2Excepcio.hh; path = "../../Proves de compilacio/PRO2Excepcio.hh"; sourceTree = "<group>"; };
		AE844FED1ED4539700B15A79 /* program.cc */ = {isa = PBXFileReference; fileEncoding = 4; lastKnownFileType = sourcecode.cpp.cpp; name = program.cc; path = "../../Proves de compilacio/program.cc"; sourceTree = "<group>"; };
/* End PBXFileReference section */

/* Begin PBXFrameworksBuildPhase section */
		AE1DDCC21EC37EDA0040553A /* Frameworks */ = {
			isa = PBXFrameworksBuildPhase;
			buildActionMask = 2147483647;
			files = (
			);
			runOnlyForDeploymentPostprocessing = 0;
		};
/* End PBXFrameworksBuildPhase section */

/* Begin PBXGroup section */
		AE1DDCBC1EC37EDA0040553A = {
			isa = PBXGroup;
			children = (
				AE1DDCC71EC37EDB0040553A /* Pràctica PRO2 */,
				AE1DDCC61EC37EDB0040553A /* Products */,
			);
			sourceTree = "<group>";
		};
		AE1DDCC61EC37EDB0040553A /* Products */ = {
			isa = PBXGroup;
			children = (
				AE1DDCC51EC37EDB0040553A /* Pràctica PRO2 */,
			);
			name = Products;
			sourceTree = "<group>";
		};
		AE1DDCC71EC37EDB0040553A /* Pràctica PRO2 */ = {
			isa = PBXGroup;
			children = (
				AE844FE31ED4539700B15A79 /* Arbre.hh */,
				AE844FE41ED4539700B15A79 /* Especie.cc */,
				AE844FE51ED4539700B15A79 /* Especie.hh */,
				AE844FE61ED4539700B15A79 /* Individu.cc */,
				AE844FE71ED4539700B15A79 /* Individu.hh */,
				AE844FE81ED4539700B15A79 /* Parellcromosomes.cc */,
				AE844FE91ED4539700B15A79 /* Parellcromosomes.hh */,
				AE844FEA1ED4539700B15A79 /* Poblacio.cc */,
				AE844FEB1ED4539700B15A79 /* Poblacio.hh */,
				AE844FEC1ED4539700B15A79 /* PRO2Excepcio.hh */,
				AE844FED1ED4539700B15A79 /* program.cc */,
			);
			path = "Pràctica PRO2";
			sourceTree = "<group>";
		};
/* End PBXGroup section */

/* Begin PBXNativeTarget section */
		AE1DDCC41EC37EDA0040553A /* Pràctica PRO2 */ = {
			isa = PBXNativeTarget;
			buildConfigurationList = AE1DDCCC1EC37EDB0040553A /* Build configuration list for PBXNativeTarget "Pràctica PRO2" */;
			buildPhases = (
				AE1DDCC11EC37EDA0040553A /* Sources */,
				AE1DDCC21EC37EDA0040553A /* Frameworks */,
				AE1DDCC31EC37EDA0040553A /* CopyFiles */,
			);
			buildRules = (
			);
			dependencies = (
			);
			name = "Pràctica PRO2";
			productName = "Pràctica PRO2";
			productReference = AE1DDCC51EC37EDB0040553A /* Pràctica PRO2 */;
			productType = "com.apple.product-type.tool";
		};
/* End PBXNativeTarget section */

/* Begin PBXProject section */
		AE1DDCBD1EC37EDA0040553A /* Project object */ = {
			isa = PBXProject;
			attributes = {
				LastUpgradeCheck = 0830;
				ORGANIZATIONNAME = "Marc Casellas";
				TargetAttributes = {
					AE1DDCC41EC37EDA0040553A = {
						CreatedOnToolsVersion = 8.3.2;
						ProvisioningStyle = Automatic;
					};
				};
			};
			buildConfigurationList = AE1DDCC01EC37EDA0040553A /* Build configuration list for PBXProject "Pràctica PRO2" */;
			compatibilityVersion = "Xcode 3.2";
			developmentRegion = English;
			hasScannedForEncodings = 0;
			knownRegions = (
				en,
			);
			mainGroup = AE1DDCBC1EC37EDA0040553A;
			productRefGroup = AE1DDCC61EC37EDB0040553A /* Products */;
			projectDirPath = "";
			projectRoot = "";
			targets = (
				AE1DDCC41EC37EDA0040553A /* Pràctica PRO2 */,
			);
		};
/* End PBXProject section */

/* Begin PBXSourcesBuildPhase section */
		AE1DDCC11EC37EDA0040553A /* Sources */ = {
			isa = PBXSourcesBuildPhase;
			buildActionMask = 2147483647;
			files = (
				AE844FF11ED4539700B15A79 /* Poblacio.cc in Sources */,
				AE844FEE1ED4539700B15A79 /* Especie.cc in Sources */,
				AE844FF21ED4539700B15A79 /* program.cc in Sources */,
				AE844FEF1ED4539700B15A79 /* Individu.cc in Sources */,
				AE844FF01ED4539700B15A79 /* Parellcromosomes.cc in Sources */,
			);
			runOnlyForDeploymentPostprocessing = 0;
		};
/* End PBXSourcesBuildPhase section */

/* Begin XCBuildConfiguration section */
		AE1DDCCA1EC37EDB0040553A /* Debug */ = {
			isa = XCBuildConfiguration;
			buildSettings = {
				ALWAYS_SEARCH_USER_PATHS = NO;
				CLANG_ANALYZER_NONNULL = YES;
				CLANG_ANALYZER_NUMBER_OBJECT_CONVERSION = YES_AGGRESSIVE;
				CLANG_CXX_LANGUAGE_STANDARD = "gnu++0x";
				CLANG_CXX_LIBRARY = "libc++";
				CLANG_ENABLE_MODULES = YES;
				CLANG_ENABLE_OBJC_ARC = YES;
				CLANG_WARN_BOOL_CONVERSION = YES;
				CLANG_WARN_CONSTANT_CONVERSION = YES;
				CLANG_WARN_DIRECT_OBJC_ISA_USAGE = YES_ERROR;
				CLANG_WARN_DOCUMENTATION_COMMENTS = YES;
				CLANG_WARN_EMPTY_BODY = YES;
				CLANG_WARN_ENUM_CONVERSION = YES;
				CLANG_WARN_INFINITE_RECURSION = YES;
				CLANG_WARN_INT_CONVERSION = YES;
				CLANG_WARN_OBJC_ROOT_CLASS = YES_ERROR;
				CLANG_WARN_SUSPICIOUS_MOVE = YES;
				CLANG_WARN_UNREACHABLE_CODE = YES;
				CLANG_WARN__DUPLICATE_METHOD_MATCH = YES;
				CODE_SIGN_IDENTITY = "-";
				COPY_PHASE_STRIP = NO;
				DEBUG_INFORMATION_FORMAT = dwarf;
				ENABLE_STRICT_OBJC_MSGSEND = YES;
				ENABLE_TESTABILITY = YES;
				GCC_C_LANGUAGE_STANDARD = gnu99;
				GCC_DYNAMIC_NO_PIC = NO;
				GCC_NO_COMMON_BLOCKS = YES;
				GCC_OPTIMIZATION_LEVEL = 0;
				GCC_PREPROCESSOR_DEFINITIONS = (
					"DEBUG=1",
					"$(inherited)",
				);
				GCC_WARN_64_TO_32_BIT_CONVERSION = YES;
				GCC_WARN_ABOUT_RETURN_TYPE = YES_ERROR;
				GCC_WARN_UNDECLARED_SELECTOR = YES;
				GCC_WARN_UNINITIALIZED_AUTOS = YES_AGGRESSIVE;
				GCC_WARN_UNUSED_FUNCTION = YES;
				GCC_WARN_UNUSED_VARIABLE = YES;
				MACOSX_DEPLOYMENT_TARGET = 10.12;
				MTL_ENABLE_DEBUG_INFO = YES;
				ONLY_ACTIVE_ARCH = YES;
				SDKROOT = macosx;
			};
			name = Debug;
		};
		AE1DDCCB1EC37EDB0040553A /* Release */ = {
			isa = XCBuildConfiguration;
			buildSettings = {
				ALWAYS_SEARCH_USER_PATHS = NO;
				CLANG_ANALYZER_NONNULL = YES;
				CLANG_ANALYZER_NUMBER_OBJECT_CONVERSION = YES_AGGRESSIVE;
				CLANG_CXX_LANGUAGE_STANDARD = "gnu++0x";
				CLANG_CXX_LIBRARY = "libc++";
				CLANG_ENABLE_MODULES = YES;
				CLANG_ENABLE_OBJC_ARC = YES;
				CLANG_WARN_BOOL_CONVERSION = YES;
				CLANG_WARN_CONSTANT_CONVERSION = YES;
				CLANG_WARN_DIRECT_OBJC_ISA_USAGE = YES_ERROR;
				CLANG_WARN_DOCUMENTATION_COMMENTS = YES;
				CLANG_WARN_EMPTY_BODY = YES;
				CLANG_WARN_ENUM_CONVERSION = YES;
				CLANG_WARN_INFINITE_RECURSION = YES;
				CLANG_WARN_INT_CONVERSION = YES;
				CLANG_WARN_OBJC_ROOT_CLASS = YES_ERROR;
				CLANG_WARN_SUSPICIOUS_MOVE = YES;
				CLANG_WARN_UNREACHABLE_CODE = YES;
				CLANG_WARN__DUPLICATE_METHOD_MATCH = YES;
				CODE_SIGN_IDENTITY = "-";
				COPY_PHASE_STRIP = NO;
				DEBUG_INFORMATION_FORMAT = "dwarf-with-dsym";
				ENABLE_NS_ASSERTIONS = NO;
				ENABLE_STRICT_OBJC_MSGSEND = YES;
				GCC_C_LANGUAGE_STANDARD = gnu99;
				GCC_NO_COMMON_BLOCKS = YES;
				GCC_WARN_64_TO_32_BIT_CONVERSION = YES;
				GCC_WARN_ABOUT_RETURN_TYPE = YES_ERROR;
				GCC_WARN_UNDECLARED_SELECTOR = YES;
				GCC_WARN_UNINITIALIZED_AUTOS = YES_AGGRESSIVE;
				GCC_WARN_UNUSED_FUNCTION = YES;
				GCC_WARN_UNUSED_VARIABLE = YES;
				MACOSX_DEPLOYMENT_TARGET = 10.12;
				MTL_ENABLE_DEBUG_INFO = NO;
				SDKROOT = macosx;
			};
			name = Release;
		};
		AE1DDCCD1EC37EDB0040553A /* Debug */ = {
			isa = XCBuildConfiguration;
			buildSettings = {
				PRODUCT_NAME = "$(TARGET_NAME)";
			};
			name = Debug;
		};
		AE1DDCCE1EC37EDB0040553A /* Release */ = {
			isa = XCBuildConfiguration;
			buildSettings = {
				PRODUCT_NAME = "$(TARGET_NAME)";
			};
			name = Release;
		};
/* End XCBuildConfiguration section */

/* Begin XCConfigurationList section */
		AE1DDCC01EC37EDA0040553A /* Build configuration list for PBXProject "Pràctica PRO2" */ = {
			isa = XCConfigurationList;
			buildConfigurations = (
				AE1DDCCA1EC37EDB0040553A /* Debug */,
				AE1DDCCB1EC37EDB0040553A /* Release */,
			);
			defaultConfigurationIsVisible = 0;
			defaultConfigurationName = Release;
		};
		AE1DDCCC1EC37EDB0040553A /* Build configuration list for PBXNativeTarget "Pràctica PRO2" */ = {
			isa = XCConfigurationList;
			buildConfigurations = (
				AE1DDCCD1EC37EDB0040553A /* Debug */,
				AE1DDCCE1EC37EDB0040553A /* Release */,
			);
			defaultConfigurationIsVisible = 0;
			defaultConfigurationName = Release;
		};
/* End XCConfigurationList section */
	};
	rootObject = AE1DDCBD1EC37EDA0040553A /* Project object */;
}
